
Microsoft Visual Studio Solution File, Format Version 12.00
# Visual Studio Version 17
VisualStudioVersion = 17.0.31903.59
MinimumVisualStudioVersion = 10.0.40219.1
Project("{2150E333-8FDC-42A3-9474-1A3956D46DE8}") = "sample", "sample", "{44CE2A34-BBB7-4C0F-B27C-E2111A4F075A}"
EndProject
Project("{F2A71F9B-5D33-465A-A702-920D77279786}") = "Account.Domain", "sample\Account.Domain\Account.Domain.fsproj", "{BAB3398F-AFD0-424A-9124-CF3AB3CFD09C}"
EndProject
Project("{F2A71F9B-5D33-465A-A702-920D77279786}") = "Account.Command", "sample\Account.Command\Account.Command.fsproj", "{ED0F4203-D2FB-4D76-9A4A-C99461FEEED1}"
EndProject
Project("{F2A71F9B-5D33-465A-A702-920D77279786}") = "Account.Application", "sample\Account.Application\Account.Application.fsproj", "{7968AA96-6A03-4338-BA57-89221CD8474D}"
EndProject
Project("{2150E333-8FDC-42A3-9474-1A3956D46DE8}") = "EventStore", "EventStore", "{F652ED88-BB2A-4CC6-A392-780BF7C91CC3}"
EndProject
Project("{F2A71F9B-5D33-465A-A702-920D77279786}") = "Account.Initializer", "sample\EventStore\Account.Initializer\Account.Initializer.fsproj", "{2FD1676A-1C0F-4E96-A80D-1968EACBC5F0}"
EndProject
Project("{F2A71F9B-5D33-465A-A702-920D77279786}") = "Account.Handler", "sample\EventStore\Account.Handler\Account.Handler.fsproj", "{D4A4176F-46DF-49CD-B287-DDE9D00E6671}"
EndProject
Project("{F2A71F9B-5D33-465A-A702-920D77279786}") = "Account.Sender", "sample\EventStore\Account.Sender\Account.Sender.fsproj", "{321A1BBA-6F6E-4CB7-8E56-CF0E9FFCBC92}"
EndProject
Project("{F2A71F9B-5D33-465A-A702-920D77279786}") = "Account.Subscriber", "sample\EventStore\Account.Subscriber\Account.Subscriber.fsproj", "{BF8E870F-3A3F-4821-AC14-55C878BD6B72}"
EndProject
Project("{2150E333-8FDC-42A3-9474-1A3956D46DE8}") = "Kafka", "Kafka", "{9F6D7926-A7E7-495D-93B2-E91E54AA4FF0}"
EndProject
Project("{F2A71F9B-5D33-465A-A702-920D77279786}") = "Account.Initializer", "sample\Kafka\Account.Initializer\Account.Initializer.fsproj", "{C3664C28-225C-48F5-AA7E-6E14E5577719}"
EndProject
Project("{F2A71F9B-5D33-465A-A702-920D77279786}") = "Account.Handler", "sample\Kafka\Account.Handler\Account.Handler.fsproj", "{54EAC1F8-55F0-494D-BFAE-77FD4037B978}"
EndProject
Project("{F2A71F9B-5D33-465A-A702-920D77279786}") = "Account.ComProjector", "sample\Kafka\Account.ComProjector\Account.ComProjector.fsproj", "{477FA9C2-F07C-4BA9-9010-DE48F622A6DC}"
EndProject
Project("{F2A71F9B-5D33-465A-A702-920D77279786}") = "Account.AggProjector", "sample\Kafka\Account.AggProjector\Account.AggProjector.fsproj", "{1DD3BE87-39BF-41A0-9F81-D032300AF260}"
EndProject
Project("{F2A71F9B-5D33-465A-A702-920D77279786}") = "Account.Sender", "sample\Kafka\Account.Sender\Account.Sender.fsproj", "{48DB226C-C26B-46D4-913E-4BF2C8AA5EC4}"
EndProject
Project("{F2A71F9B-5D33-465A-A702-920D77279786}") = "Account.Subscriber", "sample\Kafka\Account.Subscriber\Account.Subscriber.fsproj", "{ED7B8729-D935-45A9-8151-45C13BC0DD34}"
EndProject
Project("{F2A71F9B-5D33-465A-A702-920D77279786}") = "Account.Tests", "sample\Account.Tests\Account.Tests.fsproj", "{769E3C95-6E66-4DE0-896C-E16061693EC6}"
EndProject
Project("{F2A71F9B-5D33-465A-A702-920D77279786}") = "Account.Sender.Tests", "sample\Account.Sender.Tests\Account.Sender.Tests.fsproj", "{B63DD6EE-9C1C-4271-9747-408217F53583}"
EndProject
Global
	GlobalSection(SolutionConfigurationPlatforms) = preSolution
		Debug|Any CPU = Debug|Any CPU
		Release|Any CPU = Release|Any CPU
	EndGlobalSection
	GlobalSection(SolutionProperties) = preSolution
		HideSolutionNode = FALSE
	EndGlobalSection
	GlobalSection(ProjectConfigurationPlatforms) = postSolution
		{BAB3398F-AFD0-424A-9124-CF3AB3CFD09C}.Debug|Any CPU.ActiveCfg = Debug|Any CPU
		{BAB3398F-AFD0-424A-9124-CF3AB3CFD09C}.Debug|Any CPU.Build.0 = Debug|Any CPU
		{BAB3398F-AFD0-424A-9124-CF3AB3CFD09C}.Release|Any CPU.ActiveCfg = Release|Any CPU
		{BAB3398F-AFD0-424A-9124-CF3AB3CFD09C}.Release|Any CPU.Build.0 = Release|Any CPU
		{7968AA96-6A03-4338-BA57-89221CD8474D}.Debug|Any CPU.ActiveCfg = Debug|Any CPU
		{7968AA96-6A03-4338-BA57-89221CD8474D}.Debug|Any CPU.Build.0 = Debug|Any CPU
		{7968AA96-6A03-4338-BA57-89221CD8474D}.Release|Any CPU.ActiveCfg = Release|Any CPU
		{7968AA96-6A03-4338-BA57-89221CD8474D}.Release|Any CPU.Build.0 = Release|Any CPU
		{ED0F4203-D2FB-4D76-9A4A-C99461FEEED1}.Debug|Any CPU.ActiveCfg = Debug|Any CPU
		{ED0F4203-D2FB-4D76-9A4A-C99461FEEED1}.Debug|Any CPU.Build.0 = Debug|Any CPU
		{ED0F4203-D2FB-4D76-9A4A-C99461FEEED1}.Release|Any CPU.ActiveCfg = Release|Any CPU
		{ED0F4203-D2FB-4D76-9A4A-C99461FEEED1}.Release|Any CPU.Build.0 = Release|Any CPU
		{2FD1676A-1C0F-4E96-A80D-1968EACBC5F0}.Debug|Any CPU.ActiveCfg = Debug|Any CPU
		{2FD1676A-1C0F-4E96-A80D-1968EACBC5F0}.Debug|Any CPU.Build.0 = Debug|Any CPU
		{2FD1676A-1C0F-4E96-A80D-1968EACBC5F0}.Release|Any CPU.ActiveCfg = Release|Any CPU
		{2FD1676A-1C0F-4E96-A80D-1968EACBC5F0}.Release|Any CPU.Build.0 = Release|Any CPU
		{D4A4176F-46DF-49CD-B287-DDE9D00E6671}.Debug|Any CPU.ActiveCfg = Debug|Any CPU
		{D4A4176F-46DF-49CD-B287-DDE9D00E6671}.Debug|Any CPU.Build.0 = Debug|Any CPU
		{D4A4176F-46DF-49CD-B287-DDE9D00E6671}.Release|Any CPU.ActiveCfg = Release|Any CPU
		{D4A4176F-46DF-49CD-B287-DDE9D00E6671}.Release|Any CPU.Build.0 = Release|Any CPU
		{BF8E870F-3A3F-4821-AC14-55C878BD6B72}.Debug|Any CPU.ActiveCfg = Debug|Any CPU
		{BF8E870F-3A3F-4821-AC14-55C878BD6B72}.Debug|Any CPU.Build.0 = Debug|Any CPU
		{BF8E870F-3A3F-4821-AC14-55C878BD6B72}.Release|Any CPU.ActiveCfg = Release|Any CPU
		{BF8E870F-3A3F-4821-AC14-55C878BD6B72}.Release|Any CPU.Build.0 = Release|Any CPU
		{769E3C95-6E66-4DE0-896C-E16061693EC6}.Debug|Any CPU.ActiveCfg = Debug|Any CPU
		{769E3C95-6E66-4DE0-896C-E16061693EC6}.Debug|Any CPU.Build.0 = Debug|Any CPU
		{769E3C95-6E66-4DE0-896C-E16061693EC6}.Release|Any CPU.ActiveCfg = Release|Any CPU
		{769E3C95-6E66-4DE0-896C-E16061693EC6}.Release|Any CPU.Build.0 = Release|Any CPU
		{C3664C28-225C-48F5-AA7E-6E14E5577719}.Debug|Any CPU.ActiveCfg = Debug|Any CPU
		{C3664C28-225C-48F5-AA7E-6E14E5577719}.Debug|Any CPU.Build.0 = Debug|Any CPU
		{C3664C28-225C-48F5-AA7E-6E14E5577719}.Release|Any CPU.ActiveCfg = Release|Any CPU
		{C3664C28-225C-48F5-AA7E-6E14E5577719}.Release|Any CPU.Build.0 = Release|Any CPU
		{ED7B8729-D935-45A9-8151-45C13BC0DD34}.Debug|Any CPU.ActiveCfg = Debug|Any CPU
		{ED7B8729-D935-45A9-8151-45C13BC0DD34}.Debug|Any CPU.Build.0 = Debug|Any CPU
		{ED7B8729-D935-45A9-8151-45C13BC0DD34}.Release|Any CPU.ActiveCfg = Release|Any CPU
		{ED7B8729-D935-45A9-8151-45C13BC0DD34}.Release|Any CPU.Build.0 = Release|Any CPU
		{54EAC1F8-55F0-494D-BFAE-77FD4037B978}.Debug|Any CPU.ActiveCfg = Debug|Any CPU
		{54EAC1F8-55F0-494D-BFAE-77FD4037B978}.Debug|Any CPU.Build.0 = Debug|Any CPU
		{54EAC1F8-55F0-494D-BFAE-77FD4037B978}.Release|Any CPU.ActiveCfg = Release|Any CPU
		{54EAC1F8-55F0-494D-BFAE-77FD4037B978}.Release|Any CPU.Build.0 = Release|Any CPU
		{B63DD6EE-9C1C-4271-9747-408217F53583}.Debug|Any CPU.ActiveCfg = Debug|Any CPU
		{B63DD6EE-9C1C-4271-9747-408217F53583}.Debug|Any CPU.Build.0 = Debug|Any CPU
		{B63DD6EE-9C1C-4271-9747-408217F53583}.Release|Any CPU.ActiveCfg = Release|Any CPU
		{B63DD6EE-9C1C-4271-9747-408217F53583}.Release|Any CPU.Build.0 = Release|Any CPU
		{48DB226C-C26B-46D4-913E-4BF2C8AA5EC4}.Debug|Any CPU.ActiveCfg = Debug|Any CPU
		{48DB226C-C26B-46D4-913E-4BF2C8AA5EC4}.Debug|Any CPU.Build.0 = Debug|Any CPU
		{48DB226C-C26B-46D4-913E-4BF2C8AA5EC4}.Release|Any CPU.ActiveCfg = Release|Any CPU
		{48DB226C-C26B-46D4-913E-4BF2C8AA5EC4}.Release|Any CPU.Build.0 = Release|Any CPU
		{477FA9C2-F07C-4BA9-9010-DE48F622A6DC}.Debug|Any CPU.ActiveCfg = Debug|Any CPU
		{477FA9C2-F07C-4BA9-9010-DE48F622A6DC}.Debug|Any CPU.Build.0 = Debug|Any CPU
		{477FA9C2-F07C-4BA9-9010-DE48F622A6DC}.Release|Any CPU.ActiveCfg = Release|Any CPU
		{477FA9C2-F07C-4BA9-9010-DE48F622A6DC}.Release|Any CPU.Build.0 = Release|Any CPU
		{1DD3BE87-39BF-41A0-9F81-D032300AF260}.Debug|Any CPU.ActiveCfg = Debug|Any CPU
		{1DD3BE87-39BF-41A0-9F81-D032300AF260}.Debug|Any CPU.Build.0 = Debug|Any CPU
		{1DD3BE87-39BF-41A0-9F81-D032300AF260}.Release|Any CPU.ActiveCfg = Release|Any CPU
		{1DD3BE87-39BF-41A0-9F81-D032300AF260}.Release|Any CPU.Build.0 = Release|Any CPU
		{321A1BBA-6F6E-4CB7-8E56-CF0E9FFCBC92}.Debug|Any CPU.ActiveCfg = Debug|Any CPU
		{321A1BBA-6F6E-4CB7-8E56-CF0E9FFCBC92}.Debug|Any CPU.Build.0 = Debug|Any CPU
		{321A1BBA-6F6E-4CB7-8E56-CF0E9FFCBC92}.Release|Any CPU.ActiveCfg = Release|Any CPU
		{321A1BBA-6F6E-4CB7-8E56-CF0E9FFCBC92}.Release|Any CPU.Build.0 = Release|Any CPU
	EndGlobalSection
	GlobalSection(NestedProjects) = preSolution
		{BAB3398F-AFD0-424A-9124-CF3AB3CFD09C} = {44CE2A34-BBB7-4C0F-B27C-E2111A4F075A}
		{7968AA96-6A03-4338-BA57-89221CD8474D} = {44CE2A34-BBB7-4C0F-B27C-E2111A4F075A}
		{ED0F4203-D2FB-4D76-9A4A-C99461FEEED1} = {44CE2A34-BBB7-4C0F-B27C-E2111A4F075A}
		{F652ED88-BB2A-4CC6-A392-780BF7C91CC3} = {44CE2A34-BBB7-4C0F-B27C-E2111A4F075A}
		{2FD1676A-1C0F-4E96-A80D-1968EACBC5F0} = {F652ED88-BB2A-4CC6-A392-780BF7C91CC3}
		{D4A4176F-46DF-49CD-B287-DDE9D00E6671} = {F652ED88-BB2A-4CC6-A392-780BF7C91CC3}
		{321A1BBA-6F6E-4CB7-8E56-CF0E9FFCBC92} = {F652ED88-BB2A-4CC6-A392-780BF7C91CC3}
		{BF8E870F-3A3F-4821-AC14-55C878BD6B72} = {F652ED88-BB2A-4CC6-A392-780BF7C91CC3}
		{9F6D7926-A7E7-495D-93B2-E91E54AA4FF0} = {44CE2A34-BBB7-4C0F-B27C-E2111A4F075A}
		{C3664C28-225C-48F5-AA7E-6E14E5577719} = {9F6D7926-A7E7-495D-93B2-E91E54AA4FF0}
		{ED7B8729-D935-45A9-8151-45C13BC0DD34} = {9F6D7926-A7E7-495D-93B2-E91E54AA4FF0}
		{54EAC1F8-55F0-494D-BFAE-77FD4037B978} = {9F6D7926-A7E7-495D-93B2-E91E54AA4FF0}
		{48DB226C-C26B-46D4-913E-4BF2C8AA5EC4} = {9F6D7926-A7E7-495D-93B2-E91E54AA4FF0}
		{477FA9C2-F07C-4BA9-9010-DE48F622A6DC} = {9F6D7926-A7E7-495D-93B2-E91E54AA4FF0}
		{1DD3BE87-39BF-41A0-9F81-D032300AF260} = {9F6D7926-A7E7-495D-93B2-E91E54AA4FF0}
		{769E3C95-6E66-4DE0-896C-E16061693EC6} = {44CE2A34-BBB7-4C0F-B27C-E2111A4F075A}
		{B63DD6EE-9C1C-4271-9747-408217F53583} = {44CE2A34-BBB7-4C0F-B27C-E2111A4F075A}
	EndGlobalSection
EndGlobal
