
Microsoft Visual Studio Solution File, Format Version 12.00
# Visual Studio Version 17
VisualStudioVersion = 17.0.31903.59
MinimumVisualStudioVersion = 10.0.40219.1
Project("{2150E333-8FDC-42A3-9474-1A3956D46DE8}") = "sample", "sample", "{44CE2A34-BBB7-4C0F-B27C-E2111A4F075A}"
EndProject
Project("{F2A71F9B-5D33-465A-A702-920D77279786}") = "Account.Domain", "sample\Account.Domain\Account.Domain.fsproj", "{BAB3398F-AFD0-424A-9124-CF3AB3CFD09C}"
EndProject
Project("{F2A71F9B-5D33-465A-A702-920D77279786}") = "Account.Command", "sample\Account.Command\Account.Command.fsproj", "{ED0F4203-D2FB-4D76-9A4A-C99461FEEED1}"
EndProject
Project("{F2A71F9B-5D33-465A-A702-920D77279786}") = "Account.Command.Tests", "sample\Account.Command.Tests\Account.Command.Tests.fsproj", "{A2E055E6-6424-4437-902B-8D451D504BC2}"
EndProject
Project("{F2A71F9B-5D33-465A-A702-920D77279786}") = "Account.Application", "sample\Account.Application\Account.Application.fsproj", "{7968AA96-6A03-4338-BA57-89221CD8474D}"
EndProject
Project("{F2A71F9B-5D33-465A-A702-920D77279786}") = "Account.Tests", "sample\Account.Tests\Account.Tests.fsproj", "{769E3C95-6E66-4DE0-896C-E16061693EC6}"
EndProject
Project("{2150E333-8FDC-42A3-9474-1A3956D46DE8}") = "Kafka", "Kafka", "{9F6D7926-A7E7-495D-93B2-E91E54AA4FF0}"
EndProject
Project("{F2A71F9B-5D33-465A-A702-920D77279786}") = "Account.Initializer", "sample\Kafka\Account.Initializer\Account.Initializer.fsproj", "{C3664C28-225C-48F5-AA7E-6E14E5577719}"
EndProject
Project("{F2A71F9B-5D33-465A-A702-920D77279786}") = "Account.Projector", "sample\Kafka\Account.Projector\Account.Projector.fsproj", "{B62C13D1-2E9C-4569-8D61-9BA337EF0DBA}"
EndProject
Project("{F2A71F9B-5D33-465A-A702-920D77279786}") = "Account.Sender", "sample\Kafka\Account.Sender\Account.Sender.fsproj", "{48DB226C-C26B-46D4-913E-4BF2C8AA5EC4}"
EndProject
Project("{F2A71F9B-5D33-465A-A702-920D77279786}") = "Account.Subscriber", "sample\Kafka\Account.Subscriber\Account.Subscriber.fsproj", "{ED7B8729-D935-45A9-8151-45C13BC0DD34}"
EndProject
Project("{2150E333-8FDC-42A3-9474-1A3956D46DE8}") = "Kurrent", "Kurrent", "{0A5B32F7-D340-BB20-DD52-638BE5D06211}"
EndProject
Project("{F2A71F9B-5D33-465A-A702-920D77279786}") = "Account.Initializer", "sample\Kurrent\Account.Initializer\Account.Initializer.fsproj", "{6118D860-F25F-46E4-8BE5-3363CA5B36BF}"
EndProject
Project("{F2A71F9B-5D33-465A-A702-920D77279786}") = "Account.Sender", "sample\Kurrent\Account.Sender\Account.Sender.fsproj", "{F3E4882D-ED49-4448-AECF-73BEE11AC497}"
EndProject
Project("{F2A71F9B-5D33-465A-A702-920D77279786}") = "Account.Subscriber", "sample\Kurrent\Account.Subscriber\Account.Subscriber.fsproj", "{2D70A71A-0CFD-436D-AE4A-4AADCD700684}"
EndProject
Global
	GlobalSection(SolutionConfigurationPlatforms) = preSolution
		Debug|Any CPU = Debug|Any CPU
		Debug|x64 = Debug|x64
		Debug|x86 = Debug|x86
		Release|Any CPU = Release|Any CPU
		Release|x64 = Release|x64
		Release|x86 = Release|x86
	EndGlobalSection
	GlobalSection(ProjectConfigurationPlatforms) = postSolution
		{BAB3398F-AFD0-424A-9124-CF3AB3CFD09C}.Debug|Any CPU.ActiveCfg = Debug|Any CPU
		{BAB3398F-AFD0-424A-9124-CF3AB3CFD09C}.Debug|Any CPU.Build.0 = Debug|Any CPU
		{BAB3398F-AFD0-424A-9124-CF3AB3CFD09C}.Debug|x64.ActiveCfg = Debug|Any CPU
		{BAB3398F-AFD0-424A-9124-CF3AB3CFD09C}.Debug|x64.Build.0 = Debug|Any CPU
		{BAB3398F-AFD0-424A-9124-CF3AB3CFD09C}.Debug|x86.ActiveCfg = Debug|Any CPU
		{BAB3398F-AFD0-424A-9124-CF3AB3CFD09C}.Debug|x86.Build.0 = Debug|Any CPU
		{BAB3398F-AFD0-424A-9124-CF3AB3CFD09C}.Release|Any CPU.ActiveCfg = Release|Any CPU
		{BAB3398F-AFD0-424A-9124-CF3AB3CFD09C}.Release|Any CPU.Build.0 = Release|Any CPU
		{BAB3398F-AFD0-424A-9124-CF3AB3CFD09C}.Release|x64.ActiveCfg = Release|Any CPU
		{BAB3398F-AFD0-424A-9124-CF3AB3CFD09C}.Release|x64.Build.0 = Release|Any CPU
		{BAB3398F-AFD0-424A-9124-CF3AB3CFD09C}.Release|x86.ActiveCfg = Release|Any CPU
		{BAB3398F-AFD0-424A-9124-CF3AB3CFD09C}.Release|x86.Build.0 = Release|Any CPU
		{ED0F4203-D2FB-4D76-9A4A-C99461FEEED1}.Debug|Any CPU.ActiveCfg = Debug|Any CPU
		{ED0F4203-D2FB-4D76-9A4A-C99461FEEED1}.Debug|Any CPU.Build.0 = Debug|Any CPU
		{ED0F4203-D2FB-4D76-9A4A-C99461FEEED1}.Debug|x64.ActiveCfg = Debug|Any CPU
		{ED0F4203-D2FB-4D76-9A4A-C99461FEEED1}.Debug|x64.Build.0 = Debug|Any CPU
		{ED0F4203-D2FB-4D76-9A4A-C99461FEEED1}.Debug|x86.ActiveCfg = Debug|Any CPU
		{ED0F4203-D2FB-4D76-9A4A-C99461FEEED1}.Debug|x86.Build.0 = Debug|Any CPU
		{ED0F4203-D2FB-4D76-9A4A-C99461FEEED1}.Release|Any CPU.ActiveCfg = Release|Any CPU
		{ED0F4203-D2FB-4D76-9A4A-C99461FEEED1}.Release|Any CPU.Build.0 = Release|Any CPU
		{ED0F4203-D2FB-4D76-9A4A-C99461FEEED1}.Release|x64.ActiveCfg = Release|Any CPU
		{ED0F4203-D2FB-4D76-9A4A-C99461FEEED1}.Release|x64.Build.0 = Release|Any CPU
		{ED0F4203-D2FB-4D76-9A4A-C99461FEEED1}.Release|x86.ActiveCfg = Release|Any CPU
		{ED0F4203-D2FB-4D76-9A4A-C99461FEEED1}.Release|x86.Build.0 = Release|Any CPU
		{A2E055E6-6424-4437-902B-8D451D504BC2}.Debug|Any CPU.ActiveCfg = Debug|Any CPU
		{A2E055E6-6424-4437-902B-8D451D504BC2}.Debug|Any CPU.Build.0 = Debug|Any CPU
		{A2E055E6-6424-4437-902B-8D451D504BC2}.Debug|x64.ActiveCfg = Debug|Any CPU
		{A2E055E6-6424-4437-902B-8D451D504BC2}.Debug|x64.Build.0 = Debug|Any CPU
		{A2E055E6-6424-4437-902B-8D451D504BC2}.Debug|x86.ActiveCfg = Debug|Any CPU
		{A2E055E6-6424-4437-902B-8D451D504BC2}.Debug|x86.Build.0 = Debug|Any CPU
		{A2E055E6-6424-4437-902B-8D451D504BC2}.Release|Any CPU.ActiveCfg = Release|Any CPU
		{A2E055E6-6424-4437-902B-8D451D504BC2}.Release|Any CPU.Build.0 = Release|Any CPU
		{A2E055E6-6424-4437-902B-8D451D504BC2}.Release|x64.ActiveCfg = Release|Any CPU
		{A2E055E6-6424-4437-902B-8D451D504BC2}.Release|x64.Build.0 = Release|Any CPU
		{A2E055E6-6424-4437-902B-8D451D504BC2}.Release|x86.ActiveCfg = Release|Any CPU
		{A2E055E6-6424-4437-902B-8D451D504BC2}.Release|x86.Build.0 = Release|Any CPU
		{7968AA96-6A03-4338-BA57-89221CD8474D}.Debug|Any CPU.ActiveCfg = Debug|Any CPU
		{7968AA96-6A03-4338-BA57-89221CD8474D}.Debug|Any CPU.Build.0 = Debug|Any CPU
		{7968AA96-6A03-4338-BA57-89221CD8474D}.Debug|x64.ActiveCfg = Debug|Any CPU
		{7968AA96-6A03-4338-BA57-89221CD8474D}.Debug|x64.Build.0 = Debug|Any CPU
		{7968AA96-6A03-4338-BA57-89221CD8474D}.Debug|x86.ActiveCfg = Debug|Any CPU
		{7968AA96-6A03-4338-BA57-89221CD8474D}.Debug|x86.Build.0 = Debug|Any CPU
		{7968AA96-6A03-4338-BA57-89221CD8474D}.Release|Any CPU.ActiveCfg = Release|Any CPU
		{7968AA96-6A03-4338-BA57-89221CD8474D}.Release|Any CPU.Build.0 = Release|Any CPU
		{7968AA96-6A03-4338-BA57-89221CD8474D}.Release|x64.ActiveCfg = Release|Any CPU
		{7968AA96-6A03-4338-BA57-89221CD8474D}.Release|x64.Build.0 = Release|Any CPU
		{7968AA96-6A03-4338-BA57-89221CD8474D}.Release|x86.ActiveCfg = Release|Any CPU
		{7968AA96-6A03-4338-BA57-89221CD8474D}.Release|x86.Build.0 = Release|Any CPU
		{769E3C95-6E66-4DE0-896C-E16061693EC6}.Debug|Any CPU.ActiveCfg = Debug|Any CPU
		{769E3C95-6E66-4DE0-896C-E16061693EC6}.Debug|Any CPU.Build.0 = Debug|Any CPU
		{769E3C95-6E66-4DE0-896C-E16061693EC6}.Debug|x64.ActiveCfg = Debug|Any CPU
		{769E3C95-6E66-4DE0-896C-E16061693EC6}.Debug|x64.Build.0 = Debug|Any CPU
		{769E3C95-6E66-4DE0-896C-E16061693EC6}.Debug|x86.ActiveCfg = Debug|Any CPU
		{769E3C95-6E66-4DE0-896C-E16061693EC6}.Debug|x86.Build.0 = Debug|Any CPU
		{769E3C95-6E66-4DE0-896C-E16061693EC6}.Release|Any CPU.ActiveCfg = Release|Any CPU
		{769E3C95-6E66-4DE0-896C-E16061693EC6}.Release|Any CPU.Build.0 = Release|Any CPU
		{769E3C95-6E66-4DE0-896C-E16061693EC6}.Release|x64.ActiveCfg = Release|Any CPU
		{769E3C95-6E66-4DE0-896C-E16061693EC6}.Release|x64.Build.0 = Release|Any CPU
		{769E3C95-6E66-4DE0-896C-E16061693EC6}.Release|x86.ActiveCfg = Release|Any CPU
		{769E3C95-6E66-4DE0-896C-E16061693EC6}.Release|x86.Build.0 = Release|Any CPU
		{C3664C28-225C-48F5-AA7E-6E14E5577719}.Debug|Any CPU.ActiveCfg = Debug|Any CPU
		{C3664C28-225C-48F5-AA7E-6E14E5577719}.Debug|Any CPU.Build.0 = Debug|Any CPU
		{C3664C28-225C-48F5-AA7E-6E14E5577719}.Debug|x64.ActiveCfg = Debug|Any CPU
		{C3664C28-225C-48F5-AA7E-6E14E5577719}.Debug|x64.Build.0 = Debug|Any CPU
		{C3664C28-225C-48F5-AA7E-6E14E5577719}.Debug|x86.ActiveCfg = Debug|Any CPU
		{C3664C28-225C-48F5-AA7E-6E14E5577719}.Debug|x86.Build.0 = Debug|Any CPU
		{C3664C28-225C-48F5-AA7E-6E14E5577719}.Release|Any CPU.ActiveCfg = Release|Any CPU
		{C3664C28-225C-48F5-AA7E-6E14E5577719}.Release|Any CPU.Build.0 = Release|Any CPU
		{C3664C28-225C-48F5-AA7E-6E14E5577719}.Release|x64.ActiveCfg = Release|Any CPU
		{C3664C28-225C-48F5-AA7E-6E14E5577719}.Release|x64.Build.0 = Release|Any CPU
		{C3664C28-225C-48F5-AA7E-6E14E5577719}.Release|x86.ActiveCfg = Release|Any CPU
		{C3664C28-225C-48F5-AA7E-6E14E5577719}.Release|x86.Build.0 = Release|Any CPU
		{B62C13D1-2E9C-4569-8D61-9BA337EF0DBA}.Debug|Any CPU.ActiveCfg = Debug|Any CPU
		{B62C13D1-2E9C-4569-8D61-9BA337EF0DBA}.Debug|Any CPU.Build.0 = Debug|Any CPU
		{B62C13D1-2E9C-4569-8D61-9BA337EF0DBA}.Debug|x64.ActiveCfg = Debug|Any CPU
		{B62C13D1-2E9C-4569-8D61-9BA337EF0DBA}.Debug|x64.Build.0 = Debug|Any CPU
		{B62C13D1-2E9C-4569-8D61-9BA337EF0DBA}.Debug|x86.ActiveCfg = Debug|Any CPU
		{B62C13D1-2E9C-4569-8D61-9BA337EF0DBA}.Debug|x86.Build.0 = Debug|Any CPU
		{B62C13D1-2E9C-4569-8D61-9BA337EF0DBA}.Release|Any CPU.ActiveCfg = Release|Any CPU
		{B62C13D1-2E9C-4569-8D61-9BA337EF0DBA}.Release|Any CPU.Build.0 = Release|Any CPU
		{B62C13D1-2E9C-4569-8D61-9BA337EF0DBA}.Release|x64.ActiveCfg = Release|Any CPU
		{B62C13D1-2E9C-4569-8D61-9BA337EF0DBA}.Release|x64.Build.0 = Release|Any CPU
		{B62C13D1-2E9C-4569-8D61-9BA337EF0DBA}.Release|x86.ActiveCfg = Release|Any CPU
		{B62C13D1-2E9C-4569-8D61-9BA337EF0DBA}.Release|x86.Build.0 = Release|Any CPU
		{48DB226C-C26B-46D4-913E-4BF2C8AA5EC4}.Debug|Any CPU.ActiveCfg = Debug|Any CPU
		{48DB226C-C26B-46D4-913E-4BF2C8AA5EC4}.Debug|Any CPU.Build.0 = Debug|Any CPU
		{48DB226C-C26B-46D4-913E-4BF2C8AA5EC4}.Debug|x64.ActiveCfg = Debug|Any CPU
		{48DB226C-C26B-46D4-913E-4BF2C8AA5EC4}.Debug|x64.Build.0 = Debug|Any CPU
		{48DB226C-C26B-46D4-913E-4BF2C8AA5EC4}.Debug|x86.ActiveCfg = Debug|Any CPU
		{48DB226C-C26B-46D4-913E-4BF2C8AA5EC4}.Debug|x86.Build.0 = Debug|Any CPU
		{48DB226C-C26B-46D4-913E-4BF2C8AA5EC4}.Release|Any CPU.ActiveCfg = Release|Any CPU
		{48DB226C-C26B-46D4-913E-4BF2C8AA5EC4}.Release|Any CPU.Build.0 = Release|Any CPU
		{48DB226C-C26B-46D4-913E-4BF2C8AA5EC4}.Release|x64.ActiveCfg = Release|Any CPU
		{48DB226C-C26B-46D4-913E-4BF2C8AA5EC4}.Release|x64.Build.0 = Release|Any CPU
		{48DB226C-C26B-46D4-913E-4BF2C8AA5EC4}.Release|x86.ActiveCfg = Release|Any CPU
		{48DB226C-C26B-46D4-913E-4BF2C8AA5EC4}.Release|x86.Build.0 = Release|Any CPU
		{ED7B8729-D935-45A9-8151-45C13BC0DD34}.Debug|Any CPU.ActiveCfg = Debug|Any CPU
		{ED7B8729-D935-45A9-8151-45C13BC0DD34}.Debug|Any CPU.Build.0 = Debug|Any CPU
		{ED7B8729-D935-45A9-8151-45C13BC0DD34}.Debug|x64.ActiveCfg = Debug|Any CPU
		{ED7B8729-D935-45A9-8151-45C13BC0DD34}.Debug|x64.Build.0 = Debug|Any CPU
		{ED7B8729-D935-45A9-8151-45C13BC0DD34}.Debug|x86.ActiveCfg = Debug|Any CPU
		{ED7B8729-D935-45A9-8151-45C13BC0DD34}.Debug|x86.Build.0 = Debug|Any CPU
		{ED7B8729-D935-45A9-8151-45C13BC0DD34}.Release|Any CPU.ActiveCfg = Release|Any CPU
		{ED7B8729-D935-45A9-8151-45C13BC0DD34}.Release|Any CPU.Build.0 = Release|Any CPU
		{ED7B8729-D935-45A9-8151-45C13BC0DD34}.Release|x64.ActiveCfg = Release|Any CPU
		{ED7B8729-D935-45A9-8151-45C13BC0DD34}.Release|x64.Build.0 = Release|Any CPU
		{ED7B8729-D935-45A9-8151-45C13BC0DD34}.Release|x86.ActiveCfg = Release|Any CPU
		{ED7B8729-D935-45A9-8151-45C13BC0DD34}.Release|x86.Build.0 = Release|Any CPU
		{6118D860-F25F-46E4-8BE5-3363CA5B36BF}.Debug|Any CPU.ActiveCfg = Debug|Any CPU
		{6118D860-F25F-46E4-8BE5-3363CA5B36BF}.Debug|Any CPU.Build.0 = Debug|Any CPU
		{6118D860-F25F-46E4-8BE5-3363CA5B36BF}.Debug|x64.ActiveCfg = Debug|Any CPU
		{6118D860-F25F-46E4-8BE5-3363CA5B36BF}.Debug|x64.Build.0 = Debug|Any CPU
		{6118D860-F25F-46E4-8BE5-3363CA5B36BF}.Debug|x86.ActiveCfg = Debug|Any CPU
		{6118D860-F25F-46E4-8BE5-3363CA5B36BF}.Debug|x86.Build.0 = Debug|Any CPU
		{6118D860-F25F-46E4-8BE5-3363CA5B36BF}.Release|Any CPU.ActiveCfg = Release|Any CPU
		{6118D860-F25F-46E4-8BE5-3363CA5B36BF}.Release|Any CPU.Build.0 = Release|Any CPU
		{6118D860-F25F-46E4-8BE5-3363CA5B36BF}.Release|x64.ActiveCfg = Release|Any CPU
		{6118D860-F25F-46E4-8BE5-3363CA5B36BF}.Release|x64.Build.0 = Release|Any CPU
		{6118D860-F25F-46E4-8BE5-3363CA5B36BF}.Release|x86.ActiveCfg = Release|Any CPU
		{6118D860-F25F-46E4-8BE5-3363CA5B36BF}.Release|x86.Build.0 = Release|Any CPU
		{F3E4882D-ED49-4448-AECF-73BEE11AC497}.Debug|Any CPU.ActiveCfg = Debug|Any CPU
		{F3E4882D-ED49-4448-AECF-73BEE11AC497}.Debug|Any CPU.Build.0 = Debug|Any CPU
		{F3E4882D-ED49-4448-AECF-73BEE11AC497}.Debug|x64.ActiveCfg = Debug|Any CPU
		{F3E4882D-ED49-4448-AECF-73BEE11AC497}.Debug|x64.Build.0 = Debug|Any CPU
		{F3E4882D-ED49-4448-AECF-73BEE11AC497}.Debug|x86.ActiveCfg = Debug|Any CPU
		{F3E4882D-ED49-4448-AECF-73BEE11AC497}.Debug|x86.Build.0 = Debug|Any CPU
		{F3E4882D-ED49-4448-AECF-73BEE11AC497}.Release|Any CPU.ActiveCfg = Release|Any CPU
		{F3E4882D-ED49-4448-AECF-73BEE11AC497}.Release|Any CPU.Build.0 = Release|Any CPU
		{F3E4882D-ED49-4448-AECF-73BEE11AC497}.Release|x64.ActiveCfg = Release|Any CPU
		{F3E4882D-ED49-4448-AECF-73BEE11AC497}.Release|x64.Build.0 = Release|Any CPU
		{F3E4882D-ED49-4448-AECF-73BEE11AC497}.Release|x86.ActiveCfg = Release|Any CPU
		{F3E4882D-ED49-4448-AECF-73BEE11AC497}.Release|x86.Build.0 = Release|Any CPU
		{2D70A71A-0CFD-436D-AE4A-4AADCD700684}.Debug|Any CPU.ActiveCfg = Debug|Any CPU
		{2D70A71A-0CFD-436D-AE4A-4AADCD700684}.Debug|Any CPU.Build.0 = Debug|Any CPU
		{2D70A71A-0CFD-436D-AE4A-4AADCD700684}.Debug|x64.ActiveCfg = Debug|Any CPU
		{2D70A71A-0CFD-436D-AE4A-4AADCD700684}.Debug|x64.Build.0 = Debug|Any CPU
		{2D70A71A-0CFD-436D-AE4A-4AADCD700684}.Debug|x86.ActiveCfg = Debug|Any CPU
		{2D70A71A-0CFD-436D-AE4A-4AADCD700684}.Debug|x86.Build.0 = Debug|Any CPU
		{2D70A71A-0CFD-436D-AE4A-4AADCD700684}.Release|Any CPU.ActiveCfg = Release|Any CPU
		{2D70A71A-0CFD-436D-AE4A-4AADCD700684}.Release|Any CPU.Build.0 = Release|Any CPU
		{2D70A71A-0CFD-436D-AE4A-4AADCD700684}.Release|x64.ActiveCfg = Release|Any CPU
		{2D70A71A-0CFD-436D-AE4A-4AADCD700684}.Release|x64.Build.0 = Release|Any CPU
		{2D70A71A-0CFD-436D-AE4A-4AADCD700684}.Release|x86.ActiveCfg = Release|Any CPU
		{2D70A71A-0CFD-436D-AE4A-4AADCD700684}.Release|x86.Build.0 = Release|Any CPU
	EndGlobalSection
	GlobalSection(SolutionProperties) = preSolution
		HideSolutionNode = FALSE
	EndGlobalSection
	GlobalSection(NestedProjects) = preSolution
		{BAB3398F-AFD0-424A-9124-CF3AB3CFD09C} = {44CE2A34-BBB7-4C0F-B27C-E2111A4F075A}
		{ED0F4203-D2FB-4D76-9A4A-C99461FEEED1} = {44CE2A34-BBB7-4C0F-B27C-E2111A4F075A}
		{A2E055E6-6424-4437-902B-8D451D504BC2} = {44CE2A34-BBB7-4C0F-B27C-E2111A4F075A}
		{7968AA96-6A03-4338-BA57-89221CD8474D} = {44CE2A34-BBB7-4C0F-B27C-E2111A4F075A}
		{769E3C95-6E66-4DE0-896C-E16061693EC6} = {44CE2A34-BBB7-4C0F-B27C-E2111A4F075A}
		{9F6D7926-A7E7-495D-93B2-E91E54AA4FF0} = {44CE2A34-BBB7-4C0F-B27C-E2111A4F075A}
		{C3664C28-225C-48F5-AA7E-6E14E5577719} = {9F6D7926-A7E7-495D-93B2-E91E54AA4FF0}
		{B62C13D1-2E9C-4569-8D61-9BA337EF0DBA} = {9F6D7926-A7E7-495D-93B2-E91E54AA4FF0}
		{48DB226C-C26B-46D4-913E-4BF2C8AA5EC4} = {9F6D7926-A7E7-495D-93B2-E91E54AA4FF0}
		{ED7B8729-D935-45A9-8151-45C13BC0DD34} = {9F6D7926-A7E7-495D-93B2-E91E54AA4FF0}
		{0A5B32F7-D340-BB20-DD52-638BE5D06211} = {44CE2A34-BBB7-4C0F-B27C-E2111A4F075A}
		{6118D860-F25F-46E4-8BE5-3363CA5B36BF} = {0A5B32F7-D340-BB20-DD52-638BE5D06211}
		{F3E4882D-ED49-4448-AECF-73BEE11AC497} = {0A5B32F7-D340-BB20-DD52-638BE5D06211}
		{2D70A71A-0CFD-436D-AE4A-4AADCD700684} = {0A5B32F7-D340-BB20-DD52-638BE5D06211}
	EndGlobalSection
EndGlobal
