
Microsoft Visual Studio Solution File, Format Version 12.00
# Visual Studio Version 17
VisualStudioVersion = 17.0.31903.59
MinimumVisualStudioVersion = 10.0.40219.1
Project("{2150E333-8FDC-42A3-9474-1A3956D46DE8}") = "sample", "sample", "{44CE2A34-BBB7-4C0F-B27C-E2111A4F075A}"
EndProject
Project("{F2A71F9B-5D33-465A-A702-920D77279786}") = "Account.Domain", "sample\Account.Domain\Account.Domain.fsproj", "{BAB3398F-AFD0-424A-9124-CF3AB3CFD09C}"
EndProject
Project("{F2A71F9B-5D33-465A-A702-920D77279786}") = "Account.Command", "sample\Account.Command\Account.Command.fsproj", "{ED0F4203-D2FB-4D76-9A4A-C99461FEEED1}"
EndProject
Project("{F2A71F9B-5D33-465A-A702-920D77279786}") = "Account.Application", "sample\Account.Application\Account.Application.fsproj", "{7968AA96-6A03-4338-BA57-89221CD8474D}"
EndProject
Project("{2150E333-8FDC-42A3-9474-1A3956D46DE8}") = "EventStore", "EventStore", "{F652ED88-BB2A-4CC6-A392-780BF7C91CC3}"
EndProject
Project("{F2A71F9B-5D33-465A-A702-920D77279786}") = "Account.Tests", "sample\EventStore\Account.Tests\Account.Tests.fsproj", "{255F4DFC-6A8B-4108-8091-201744373381}"
EndProject
Project("{F2A71F9B-5D33-465A-A702-920D77279786}") = "Account.Init", "sample\EventStore\Account.Init\Account.Init.fsproj", "{F61A9FE2-7B63-4A12-949D-0D4CE6B77FDA}"
EndProject
Project("{F2A71F9B-5D33-465A-A702-920D77279786}") = "Account.Api", "sample\EventStore\Account.Api\Account.Api.fsproj", "{393289D3-EA1D-4B0D-904B-C3B9A5260BCD}"
EndProject
Project("{F2A71F9B-5D33-465A-A702-920D77279786}") = "Account.Worker", "sample\EventStore\Account.Worker\Account.Worker.fsproj", "{C2B6A1D9-D9FD-4382-A349-218C3ED53081}"
EndProject
Global
	GlobalSection(SolutionConfigurationPlatforms) = preSolution
		Debug|Any CPU = Debug|Any CPU
		Release|Any CPU = Release|Any CPU
	EndGlobalSection
	GlobalSection(SolutionProperties) = preSolution
		HideSolutionNode = FALSE
	EndGlobalSection
	GlobalSection(ProjectConfigurationPlatforms) = postSolution
		{BAB3398F-AFD0-424A-9124-CF3AB3CFD09C}.Debug|Any CPU.ActiveCfg = Debug|Any CPU
		{BAB3398F-AFD0-424A-9124-CF3AB3CFD09C}.Debug|Any CPU.Build.0 = Debug|Any CPU
		{BAB3398F-AFD0-424A-9124-CF3AB3CFD09C}.Release|Any CPU.ActiveCfg = Release|Any CPU
		{BAB3398F-AFD0-424A-9124-CF3AB3CFD09C}.Release|Any CPU.Build.0 = Release|Any CPU
		{7968AA96-6A03-4338-BA57-89221CD8474D}.Debug|Any CPU.ActiveCfg = Debug|Any CPU
		{7968AA96-6A03-4338-BA57-89221CD8474D}.Debug|Any CPU.Build.0 = Debug|Any CPU
		{7968AA96-6A03-4338-BA57-89221CD8474D}.Release|Any CPU.ActiveCfg = Release|Any CPU
		{7968AA96-6A03-4338-BA57-89221CD8474D}.Release|Any CPU.Build.0 = Release|Any CPU
		{ED0F4203-D2FB-4D76-9A4A-C99461FEEED1}.Debug|Any CPU.ActiveCfg = Debug|Any CPU
		{ED0F4203-D2FB-4D76-9A4A-C99461FEEED1}.Debug|Any CPU.Build.0 = Debug|Any CPU
		{ED0F4203-D2FB-4D76-9A4A-C99461FEEED1}.Release|Any CPU.ActiveCfg = Release|Any CPU
		{ED0F4203-D2FB-4D76-9A4A-C99461FEEED1}.Release|Any CPU.Build.0 = Release|Any CPU
		{393289D3-EA1D-4B0D-904B-C3B9A5260BCD}.Debug|Any CPU.ActiveCfg = Debug|Any CPU
		{393289D3-EA1D-4B0D-904B-C3B9A5260BCD}.Debug|Any CPU.Build.0 = Debug|Any CPU
		{393289D3-EA1D-4B0D-904B-C3B9A5260BCD}.Release|Any CPU.ActiveCfg = Release|Any CPU
		{393289D3-EA1D-4B0D-904B-C3B9A5260BCD}.Release|Any CPU.Build.0 = Release|Any CPU
		{C2B6A1D9-D9FD-4382-A349-218C3ED53081}.Debug|Any CPU.ActiveCfg = Debug|Any CPU
		{C2B6A1D9-D9FD-4382-A349-218C3ED53081}.Debug|Any CPU.Build.0 = Debug|Any CPU
		{C2B6A1D9-D9FD-4382-A349-218C3ED53081}.Release|Any CPU.ActiveCfg = Release|Any CPU
		{C2B6A1D9-D9FD-4382-A349-218C3ED53081}.Release|Any CPU.Build.0 = Release|Any CPU
		{255F4DFC-6A8B-4108-8091-201744373381}.Debug|Any CPU.ActiveCfg = Debug|Any CPU
		{255F4DFC-6A8B-4108-8091-201744373381}.Debug|Any CPU.Build.0 = Debug|Any CPU
		{255F4DFC-6A8B-4108-8091-201744373381}.Release|Any CPU.ActiveCfg = Release|Any CPU
		{255F4DFC-6A8B-4108-8091-201744373381}.Release|Any CPU.Build.0 = Release|Any CPU
		{F61A9FE2-7B63-4A12-949D-0D4CE6B77FDA}.Debug|Any CPU.ActiveCfg = Debug|Any CPU
		{F61A9FE2-7B63-4A12-949D-0D4CE6B77FDA}.Debug|Any CPU.Build.0 = Debug|Any CPU
		{F61A9FE2-7B63-4A12-949D-0D4CE6B77FDA}.Release|Any CPU.ActiveCfg = Release|Any CPU
		{F61A9FE2-7B63-4A12-949D-0D4CE6B77FDA}.Release|Any CPU.Build.0 = Release|Any CPU
	EndGlobalSection
	GlobalSection(NestedProjects) = preSolution
		{BAB3398F-AFD0-424A-9124-CF3AB3CFD09C} = {44CE2A34-BBB7-4C0F-B27C-E2111A4F075A}
		{7968AA96-6A03-4338-BA57-89221CD8474D} = {44CE2A34-BBB7-4C0F-B27C-E2111A4F075A}
		{F652ED88-BB2A-4CC6-A392-780BF7C91CC3} = {44CE2A34-BBB7-4C0F-B27C-E2111A4F075A}
		{ED0F4203-D2FB-4D76-9A4A-C99461FEEED1} = {44CE2A34-BBB7-4C0F-B27C-E2111A4F075A}
		{393289D3-EA1D-4B0D-904B-C3B9A5260BCD} = {F652ED88-BB2A-4CC6-A392-780BF7C91CC3}
		{C2B6A1D9-D9FD-4382-A349-218C3ED53081} = {F652ED88-BB2A-4CC6-A392-780BF7C91CC3}
		{255F4DFC-6A8B-4108-8091-201744373381} = {F652ED88-BB2A-4CC6-A392-780BF7C91CC3}
		{F61A9FE2-7B63-4A12-949D-0D4CE6B77FDA} = {F652ED88-BB2A-4CC6-A392-780BF7C91CC3}
	EndGlobalSection
EndGlobal
