
Microsoft Visual Studio Solution File, Format Version 12.00
# Visual Studio Version 17
VisualStudioVersion = 17.0.31903.59
MinimumVisualStudioVersion = 10.0.40219.1
Project("{2150E333-8FDC-42A3-9474-1A3956D46DE8}") = "src", "src", "{44508202-BC4A-4D35-AF22-1E7D4AF4FF1E}"
EndProject
Project("{F2A71F9B-5D33-465A-A702-920D77279786}") = "Domain", "src\Domain\Domain.fsproj", "{F837F431-2E37-4A5B-AFAE-CDB93B9BD10A}"
EndProject
Project("{2150E333-8FDC-42A3-9474-1A3956D46DE8}") = "test", "test", "{A230067C-508F-4C34-A8E5-95201A2D9999}"
EndProject
Project("{F2A71F9B-5D33-465A-A702-920D77279786}") = "Domain.Tests", "test\Domain.Tests\Domain.Tests.fsproj", "{03C29611-49AD-4F38-93E7-A836B508CA1F}"
EndProject
Global
	GlobalSection(SolutionConfigurationPlatforms) = preSolution
		Debug|Any CPU = Debug|Any CPU
		Release|Any CPU = Release|Any CPU
	EndGlobalSection
	GlobalSection(SolutionProperties) = preSolution
		HideSolutionNode = FALSE
	EndGlobalSection
	GlobalSection(ProjectConfigurationPlatforms) = postSolution
		{F837F431-2E37-4A5B-AFAE-CDB93B9BD10A}.Debug|Any CPU.ActiveCfg = Debug|Any CPU
		{F837F431-2E37-4A5B-AFAE-CDB93B9BD10A}.Debug|Any CPU.Build.0 = Debug|Any CPU
		{F837F431-2E37-4A5B-AFAE-CDB93B9BD10A}.Release|Any CPU.ActiveCfg = Release|Any CPU
		{F837F431-2E37-4A5B-AFAE-CDB93B9BD10A}.Release|Any CPU.Build.0 = Release|Any CPU
		{03C29611-49AD-4F38-93E7-A836B508CA1F}.Debug|Any CPU.ActiveCfg = Debug|Any CPU
		{03C29611-49AD-4F38-93E7-A836B508CA1F}.Debug|Any CPU.Build.0 = Debug|Any CPU
		{03C29611-49AD-4F38-93E7-A836B508CA1F}.Release|Any CPU.ActiveCfg = Release|Any CPU
		{03C29611-49AD-4F38-93E7-A836B508CA1F}.Release|Any CPU.Build.0 = Release|Any CPU
	EndGlobalSection
	GlobalSection(NestedProjects) = preSolution
		{F837F431-2E37-4A5B-AFAE-CDB93B9BD10A} = {44508202-BC4A-4D35-AF22-1E7D4AF4FF1E}
		{03C29611-49AD-4F38-93E7-A836B508CA1F} = {A230067C-508F-4C34-A8E5-95201A2D9999}
	EndGlobalSection
EndGlobal
