
Microsoft Visual Studio Solution File, Format Version 12.00
# Visual Studio Version 16
VisualStudioVersion = 16.6.30114.105
MinimumVisualStudioVersion = 10.0.40219.1
Project("{2150E333-8FDC-42A3-9474-1A3956D46DE8}") = "src", "src", "{153C7852-BDD2-4A2A-96F9-08DDC8BAFF65}"
EndProject
Project("{F2A71F9B-5D33-465A-A702-920D77279786}") = "Domain", "src\Domain\Domain.fsproj", "{CDC7DE22-BF9E-4585-BDF7-4BA7E9984EAF}"
EndProject
Project("{F2A71F9B-5D33-465A-A702-920D77279786}") = "Infrastructure.EventStore", "src\Infrastructure.EventStore\Infrastructure.EventStore.fsproj", "{FDC7D5CE-1A88-4969-8797-F20649DDB585}"
EndProject
Project("{2150E333-8FDC-42A3-9474-1A3956D46DE8}") = "test", "test", "{DE988CB3-CDC5-4F8B-B9C3-74D53B0BC4B8}"
EndProject
Project("{F2A71F9B-5D33-465A-A702-920D77279786}") = "Domain.Tests", "test\Domain.Tests\Domain.Tests.fsproj", "{317B0697-536C-49D5-9DA3-C0B688CC8EC2}"
EndProject
Project("{F2A71F9B-5D33-465A-A702-920D77279786}") = "Infrastructure.EventStore.Tests", "test\Infrastructure.EventStore.Tests\Infrastructure.EventStore.Tests.fsproj", "{22A686ED-9FA7-4945-8C61-AFF5221B31DB}"
EndProject
Project("{2150E333-8FDC-42A3-9474-1A3956D46DE8}") = "sample", "sample", "{FCE942DD-B042-4934-BD7E-0E77446AE579}"
EndProject
Project("{F2A71F9B-5D33-465A-A702-920D77279786}") = "Note.Application", "sample\Note.Application\Note.Application.fsproj", "{78F3C780-EC5D-4672-8112-257A2E89FEAB}"
EndProject
Project("{F2A71F9B-5D33-465A-A702-920D77279786}") = "Note.Domain", "sample\Note.Domain\Note.Domain.fsproj", "{8D995BE8-9479-4196-B686-3D19B2F0A186}"
EndProject
Project("{F2A71F9B-5D33-465A-A702-920D77279786}") = "Note.Tests", "sample\Note.Tests\Note.Tests.fsproj", "{4F05F4E6-574D-426A-B6D9-39102233BFF2}"
EndProject
Global
	GlobalSection(SolutionConfigurationPlatforms) = preSolution
		Debug|Any CPU = Debug|Any CPU
		Debug|x64 = Debug|x64
		Debug|x86 = Debug|x86
		Release|Any CPU = Release|Any CPU
		Release|x64 = Release|x64
		Release|x86 = Release|x86
	EndGlobalSection
	GlobalSection(SolutionProperties) = preSolution
		HideSolutionNode = FALSE
	EndGlobalSection
	GlobalSection(ProjectConfigurationPlatforms) = postSolution
		{CDC7DE22-BF9E-4585-BDF7-4BA7E9984EAF}.Debug|Any CPU.ActiveCfg = Debug|Any CPU
		{CDC7DE22-BF9E-4585-BDF7-4BA7E9984EAF}.Debug|Any CPU.Build.0 = Debug|Any CPU
		{CDC7DE22-BF9E-4585-BDF7-4BA7E9984EAF}.Debug|x64.ActiveCfg = Debug|Any CPU
		{CDC7DE22-BF9E-4585-BDF7-4BA7E9984EAF}.Debug|x64.Build.0 = Debug|Any CPU
		{CDC7DE22-BF9E-4585-BDF7-4BA7E9984EAF}.Debug|x86.ActiveCfg = Debug|Any CPU
		{CDC7DE22-BF9E-4585-BDF7-4BA7E9984EAF}.Debug|x86.Build.0 = Debug|Any CPU
		{CDC7DE22-BF9E-4585-BDF7-4BA7E9984EAF}.Release|Any CPU.ActiveCfg = Release|Any CPU
		{CDC7DE22-BF9E-4585-BDF7-4BA7E9984EAF}.Release|Any CPU.Build.0 = Release|Any CPU
		{CDC7DE22-BF9E-4585-BDF7-4BA7E9984EAF}.Release|x64.ActiveCfg = Release|Any CPU
		{CDC7DE22-BF9E-4585-BDF7-4BA7E9984EAF}.Release|x64.Build.0 = Release|Any CPU
		{CDC7DE22-BF9E-4585-BDF7-4BA7E9984EAF}.Release|x86.ActiveCfg = Release|Any CPU
		{CDC7DE22-BF9E-4585-BDF7-4BA7E9984EAF}.Release|x86.Build.0 = Release|Any CPU
		{FDC7D5CE-1A88-4969-8797-F20649DDB585}.Debug|Any CPU.ActiveCfg = Debug|Any CPU
		{FDC7D5CE-1A88-4969-8797-F20649DDB585}.Debug|Any CPU.Build.0 = Debug|Any CPU
		{FDC7D5CE-1A88-4969-8797-F20649DDB585}.Debug|x64.ActiveCfg = Debug|Any CPU
		{FDC7D5CE-1A88-4969-8797-F20649DDB585}.Debug|x64.Build.0 = Debug|Any CPU
		{FDC7D5CE-1A88-4969-8797-F20649DDB585}.Debug|x86.ActiveCfg = Debug|Any CPU
		{FDC7D5CE-1A88-4969-8797-F20649DDB585}.Debug|x86.Build.0 = Debug|Any CPU
		{FDC7D5CE-1A88-4969-8797-F20649DDB585}.Release|Any CPU.ActiveCfg = Release|Any CPU
		{FDC7D5CE-1A88-4969-8797-F20649DDB585}.Release|Any CPU.Build.0 = Release|Any CPU
		{FDC7D5CE-1A88-4969-8797-F20649DDB585}.Release|x64.ActiveCfg = Release|Any CPU
		{FDC7D5CE-1A88-4969-8797-F20649DDB585}.Release|x64.Build.0 = Release|Any CPU
		{FDC7D5CE-1A88-4969-8797-F20649DDB585}.Release|x86.ActiveCfg = Release|Any CPU
		{FDC7D5CE-1A88-4969-8797-F20649DDB585}.Release|x86.Build.0 = Release|Any CPU
		{317B0697-536C-49D5-9DA3-C0B688CC8EC2}.Debug|Any CPU.ActiveCfg = Debug|Any CPU
		{317B0697-536C-49D5-9DA3-C0B688CC8EC2}.Debug|Any CPU.Build.0 = Debug|Any CPU
		{317B0697-536C-49D5-9DA3-C0B688CC8EC2}.Debug|x64.ActiveCfg = Debug|Any CPU
		{317B0697-536C-49D5-9DA3-C0B688CC8EC2}.Debug|x64.Build.0 = Debug|Any CPU
		{317B0697-536C-49D5-9DA3-C0B688CC8EC2}.Debug|x86.ActiveCfg = Debug|Any CPU
		{317B0697-536C-49D5-9DA3-C0B688CC8EC2}.Debug|x86.Build.0 = Debug|Any CPU
		{317B0697-536C-49D5-9DA3-C0B688CC8EC2}.Release|Any CPU.ActiveCfg = Release|Any CPU
		{317B0697-536C-49D5-9DA3-C0B688CC8EC2}.Release|Any CPU.Build.0 = Release|Any CPU
		{317B0697-536C-49D5-9DA3-C0B688CC8EC2}.Release|x64.ActiveCfg = Release|Any CPU
		{317B0697-536C-49D5-9DA3-C0B688CC8EC2}.Release|x64.Build.0 = Release|Any CPU
		{317B0697-536C-49D5-9DA3-C0B688CC8EC2}.Release|x86.ActiveCfg = Release|Any CPU
		{317B0697-536C-49D5-9DA3-C0B688CC8EC2}.Release|x86.Build.0 = Release|Any CPU
		{22A686ED-9FA7-4945-8C61-AFF5221B31DB}.Debug|Any CPU.ActiveCfg = Debug|Any CPU
		{22A686ED-9FA7-4945-8C61-AFF5221B31DB}.Debug|Any CPU.Build.0 = Debug|Any CPU
		{22A686ED-9FA7-4945-8C61-AFF5221B31DB}.Debug|x64.ActiveCfg = Debug|Any CPU
		{22A686ED-9FA7-4945-8C61-AFF5221B31DB}.Debug|x64.Build.0 = Debug|Any CPU
		{22A686ED-9FA7-4945-8C61-AFF5221B31DB}.Debug|x86.ActiveCfg = Debug|Any CPU
		{22A686ED-9FA7-4945-8C61-AFF5221B31DB}.Debug|x86.Build.0 = Debug|Any CPU
		{22A686ED-9FA7-4945-8C61-AFF5221B31DB}.Release|Any CPU.ActiveCfg = Release|Any CPU
		{22A686ED-9FA7-4945-8C61-AFF5221B31DB}.Release|Any CPU.Build.0 = Release|Any CPU
		{22A686ED-9FA7-4945-8C61-AFF5221B31DB}.Release|x64.ActiveCfg = Release|Any CPU
		{22A686ED-9FA7-4945-8C61-AFF5221B31DB}.Release|x64.Build.0 = Release|Any CPU
		{22A686ED-9FA7-4945-8C61-AFF5221B31DB}.Release|x86.ActiveCfg = Release|Any CPU
		{22A686ED-9FA7-4945-8C61-AFF5221B31DB}.Release|x86.Build.0 = Release|Any CPU
		{78F3C780-EC5D-4672-8112-257A2E89FEAB}.Debug|Any CPU.ActiveCfg = Debug|Any CPU
		{78F3C780-EC5D-4672-8112-257A2E89FEAB}.Debug|Any CPU.Build.0 = Debug|Any CPU
		{78F3C780-EC5D-4672-8112-257A2E89FEAB}.Debug|x64.ActiveCfg = Debug|Any CPU
		{78F3C780-EC5D-4672-8112-257A2E89FEAB}.Debug|x64.Build.0 = Debug|Any CPU
		{78F3C780-EC5D-4672-8112-257A2E89FEAB}.Debug|x86.ActiveCfg = Debug|Any CPU
		{78F3C780-EC5D-4672-8112-257A2E89FEAB}.Debug|x86.Build.0 = Debug|Any CPU
		{78F3C780-EC5D-4672-8112-257A2E89FEAB}.Release|Any CPU.ActiveCfg = Release|Any CPU
		{78F3C780-EC5D-4672-8112-257A2E89FEAB}.Release|Any CPU.Build.0 = Release|Any CPU
		{78F3C780-EC5D-4672-8112-257A2E89FEAB}.Release|x64.ActiveCfg = Release|Any CPU
		{78F3C780-EC5D-4672-8112-257A2E89FEAB}.Release|x64.Build.0 = Release|Any CPU
		{78F3C780-EC5D-4672-8112-257A2E89FEAB}.Release|x86.ActiveCfg = Release|Any CPU
		{78F3C780-EC5D-4672-8112-257A2E89FEAB}.Release|x86.Build.0 = Release|Any CPU
		{8D995BE8-9479-4196-B686-3D19B2F0A186}.Debug|Any CPU.ActiveCfg = Debug|Any CPU
		{8D995BE8-9479-4196-B686-3D19B2F0A186}.Debug|Any CPU.Build.0 = Debug|Any CPU
		{8D995BE8-9479-4196-B686-3D19B2F0A186}.Debug|x64.ActiveCfg = Debug|Any CPU
		{8D995BE8-9479-4196-B686-3D19B2F0A186}.Debug|x64.Build.0 = Debug|Any CPU
		{8D995BE8-9479-4196-B686-3D19B2F0A186}.Debug|x86.ActiveCfg = Debug|Any CPU
		{8D995BE8-9479-4196-B686-3D19B2F0A186}.Debug|x86.Build.0 = Debug|Any CPU
		{8D995BE8-9479-4196-B686-3D19B2F0A186}.Release|Any CPU.ActiveCfg = Release|Any CPU
		{8D995BE8-9479-4196-B686-3D19B2F0A186}.Release|Any CPU.Build.0 = Release|Any CPU
		{8D995BE8-9479-4196-B686-3D19B2F0A186}.Release|x64.ActiveCfg = Release|Any CPU
		{8D995BE8-9479-4196-B686-3D19B2F0A186}.Release|x64.Build.0 = Release|Any CPU
		{8D995BE8-9479-4196-B686-3D19B2F0A186}.Release|x86.ActiveCfg = Release|Any CPU
		{8D995BE8-9479-4196-B686-3D19B2F0A186}.Release|x86.Build.0 = Release|Any CPU
		{4F05F4E6-574D-426A-B6D9-39102233BFF2}.Debug|Any CPU.ActiveCfg = Debug|Any CPU
		{4F05F4E6-574D-426A-B6D9-39102233BFF2}.Debug|Any CPU.Build.0 = Debug|Any CPU
		{4F05F4E6-574D-426A-B6D9-39102233BFF2}.Debug|x64.ActiveCfg = Debug|Any CPU
		{4F05F4E6-574D-426A-B6D9-39102233BFF2}.Debug|x64.Build.0 = Debug|Any CPU
		{4F05F4E6-574D-426A-B6D9-39102233BFF2}.Debug|x86.ActiveCfg = Debug|Any CPU
		{4F05F4E6-574D-426A-B6D9-39102233BFF2}.Debug|x86.Build.0 = Debug|Any CPU
		{4F05F4E6-574D-426A-B6D9-39102233BFF2}.Release|Any CPU.ActiveCfg = Release|Any CPU
		{4F05F4E6-574D-426A-B6D9-39102233BFF2}.Release|Any CPU.Build.0 = Release|Any CPU
		{4F05F4E6-574D-426A-B6D9-39102233BFF2}.Release|x64.ActiveCfg = Release|Any CPU
		{4F05F4E6-574D-426A-B6D9-39102233BFF2}.Release|x64.Build.0 = Release|Any CPU
		{4F05F4E6-574D-426A-B6D9-39102233BFF2}.Release|x86.ActiveCfg = Release|Any CPU
		{4F05F4E6-574D-426A-B6D9-39102233BFF2}.Release|x86.Build.0 = Release|Any CPU
	EndGlobalSection
	GlobalSection(NestedProjects) = preSolution
		{CDC7DE22-BF9E-4585-BDF7-4BA7E9984EAF} = {153C7852-BDD2-4A2A-96F9-08DDC8BAFF65}
		{FDC7D5CE-1A88-4969-8797-F20649DDB585} = {153C7852-BDD2-4A2A-96F9-08DDC8BAFF65}
		{317B0697-536C-49D5-9DA3-C0B688CC8EC2} = {DE988CB3-CDC5-4F8B-B9C3-74D53B0BC4B8}
		{22A686ED-9FA7-4945-8C61-AFF5221B31DB} = {DE988CB3-CDC5-4F8B-B9C3-74D53B0BC4B8}
		{78F3C780-EC5D-4672-8112-257A2E89FEAB} = {FCE942DD-B042-4934-BD7E-0E77446AE579}
		{8D995BE8-9479-4196-B686-3D19B2F0A186} = {FCE942DD-B042-4934-BD7E-0E77446AE579}
		{4F05F4E6-574D-426A-B6D9-39102233BFF2} = {FCE942DD-B042-4934-BD7E-0E77446AE579}
	EndGlobalSection
EndGlobal
